
Microsoft Visual Studio Solution File, Format Version 12.00
Project("{FAE04EC0-301F-11D3-BF4B-00C04F79EFBC}") = "R8.EntityFrameworkCore.AuditProvider", "R8.EntityFrameworkCore.AuditProvider\R8.EntityFrameworkCore.AuditProvider.csproj", "{3C105F76-777C-4221-8861-24639AD77F72}"
EndProject
Project("{FAE04EC0-301F-11D3-BF4B-00C04F79EFBC}") = "R8.EntityFrameworkCore.AuditProvider.Tests", "R8.EntityFrameworkCore.AuditProvider.Tests\R8.EntityFrameworkCore.AuditProvider.Tests.csproj", "{7511070B-41F5-4690-BC3C-3F1BA5BDC7A2}"
EndProject
Global
	GlobalSection(SolutionConfigurationPlatforms) = preSolution
		Debug|Any CPU = Debug|Any CPU
		Release|Any CPU = Release|Any CPU
	EndGlobalSection
	GlobalSection(ProjectConfigurationPlatforms) = postSolution
		{3C105F76-777C-4221-8861-24639AD77F72}.Debug|Any CPU.ActiveCfg = Debug|Any CPU
		{3C105F76-777C-4221-8861-24639AD77F72}.Debug|Any CPU.Build.0 = Debug|Any CPU
		{3C105F76-777C-4221-8861-24639AD77F72}.Release|Any CPU.ActiveCfg = Release|Any CPU
		{3C105F76-777C-4221-8861-24639AD77F72}.Release|Any CPU.Build.0 = Release|Any CPU
		{7511070B-41F5-4690-BC3C-3F1BA5BDC7A2}.Debug|Any CPU.ActiveCfg = Debug|Any CPU
		{7511070B-41F5-4690-BC3C-3F1BA5BDC7A2}.Debug|Any CPU.Build.0 = Debug|Any CPU
		{7511070B-41F5-4690-BC3C-3F1BA5BDC7A2}.Release|Any CPU.ActiveCfg = Release|Any CPU
		{7511070B-41F5-4690-BC3C-3F1BA5BDC7A2}.Release|Any CPU.Build.0 = Release|Any CPU
	EndGlobalSection
EndGlobal
